
Microsoft Visual Studio Solution File, Format Version 12.00
# Visual Studio 14
VisualStudioVersion = 14.0.25420.1
MinimumVisualStudioVersion = 10.0.40219.1
Project("{2150E333-8FDC-42A3-9474-1A3956D46DE8}") = "Task2", "Task2", "{AF18A0F2-0499-4110-AFC6-7626B4757B78}"
EndProject
Project("{2150E333-8FDC-42A3-9474-1A3956D46DE8}") = "Task1", "Task1", "{445BCA1A-3A93-4C97-88D0-A1695D4DFBF8}"
EndProject
Project("{FAE04EC0-301F-11D3-BF4B-00C04F79EFBC}") = "AdvancedCSharp.Types.Task1", "AdvancedCSharp.Types.Task1\AdvancedCSharp.Types.Task1.csproj", "{D0E333FE-7A3D-4071-9280-66F5C49149C2}"
EndProject
Project("{FAE04EC0-301F-11D3-BF4B-00C04F79EFBC}") = "AdvancedCSharp.Types.Task2", "AdvancedCSharp.Types.Task2\AdvancedCSharp.Types.Task2.csproj", "{20B42693-8596-41E3-92C5-CE1136EC0654}"
EndProject
Project("{FAE04EC0-301F-11D3-BF4B-00C04F79EFBC}") = "AdvancedCSharp.Types.Task2.Tests", "AdvancedCSharp.Types.Task2.Tests\AdvancedCSharp.Types.Task2.Tests.csproj", "{6A889A85-FE49-48B4-A3AB-EE425501AA7A}"
EndProject
Project("{FAE04EC0-301F-11D3-BF4B-00C04F79EFBC}") = "AdvancedCSharp.Types.Task1.Tests", "AdvancedCSharp.Types.Task1.Tests\AdvancedCSharp.Types.Task1.Tests.csproj", "{CCBA62F4-AE14-4BD0-8F6A-0CB4DAA532B2}"
EndProject
Project("{2150E333-8FDC-42A3-9474-1A3956D46DE8}") = "docs", "docs", "{6077F37C-4EEE-4B16-9260-6E3C26BCFE46}"
EndProject
Project("{2150E333-8FDC-42A3-9474-1A3956D46DE8}") = "recommended-literature", "recommended-literature", "{DC7A1C46-E77F-424E-8DB8-86152709FD8B}"
	ProjectSection(SolutionItems) = preProject
		docs\recommended\Recommended-literature.docx = docs\recommended\Recommended-literature.docx
	EndProjectSection
EndProject
Project("{2150E333-8FDC-42A3-9474-1A3956D46DE8}") = "must-read", "must-read", "{79990948-E17F-484E-8897-7199FBB97EFB}"
	ProjectSection(SolutionItems) = preProject
		docs\recommended\must-read\CLR via C#, Fourth Edition ebook.pdf = docs\recommended\must-read\CLR via C#, Fourth Edition ebook.pdf
		docs\recommended\must-read\exam-ref-70-483-programming-in-c-sharp.pdf = docs\recommended\must-read\exam-ref-70-483-programming-in-c-sharp.pdf
	EndProjectSection
EndProject
Project("{2150E333-8FDC-42A3-9474-1A3956D46DE8}") = "may-read", "may-read", "{EB0F93EF-BC3F-4937-B2A5-A20C23BDA7FE}"
	ProjectSection(SolutionItems) = preProject
		docs\recommended\may-read\Advanced .NET Debugging.pdf = docs\recommended\may-read\Advanced .NET Debugging.pdf
		docs\recommended\may-read\Under-the-Hood-of-dotNET-Memory-Management.pdf = docs\recommended\may-read\Under-the-Hood-of-dotNET-Memory-Management.pdf
	EndProjectSection
EndProject
Project("{2150E333-8FDC-42A3-9474-1A3956D46DE8}") = "specs", "specs", "{0ECE51FF-3886-4296-8587-DE83F98AA5F5}"
	ProjectSection(SolutionItems) = preProject
		docs\recommended\specs\CSharp Language Specification.docx = docs\recommended\specs\CSharp Language Specification.docx
		docs\recommended\specs\Ecma-334.pdf = docs\recommended\specs\Ecma-334.pdf
		docs\recommended\specs\ECMA-335.pdf = docs\recommended\specs\ECMA-335.pdf
	EndProjectSection
EndProject
Project("{2150E333-8FDC-42A3-9474-1A3956D46DE8}") = "Bcl", "Bcl", "{EB4C0071-AEE8-4466-BA2A-2509E99CD31D}"
EndProject
Project("{2150E333-8FDC-42A3-9474-1A3956D46DE8}") = "AdvancedCSharp", "AdvancedCSharp", "{F35761E9-6792-4337-9F4B-6C73A2FF7104}"
EndProject
Project("{2150E333-8FDC-42A3-9474-1A3956D46DE8}") = "AttributeValuesExtraction", "AttributeValuesExtraction", "{C414C162-8A7F-43FD-B442-71EE60BB8FE6}"
EndProject
Project("{2150E333-8FDC-42A3-9474-1A3956D46DE8}") = "Types", "Types", "{4C4368E2-60D4-4EDF-83B5-34B3EAD93912}"
EndProject
Project("{FAE04EC0-301F-11D3-BF4B-00C04F79EFBC}") = "Bcl.AttributeValuesExtraction", "Bcl.AttributeValuesExtraction\Bcl.AttributeValuesExtraction.csproj", "{288D82CA-F1F3-4208-B3EE-8610B591B8CF}"
EndProject
Project("{FAE04EC0-301F-11D3-BF4B-00C04F79EFBC}") = "Bcl.AttributeValuesExtraction.Console", "Bcl.AttributeValuesExtraction.Console\Bcl.AttributeValuesExtraction.Console.csproj", "{353231C0-1D6A-4EE1-B104-CAD1FC6E6A58}"
EndProject
Project("{FAE04EC0-301F-11D3-BF4B-00C04F79EFBC}") = "Bcl.AttributeValuesExtraction.Tests", "Bcl.AttributeValuesExtraction.Tests\Bcl.AttributeValuesExtraction.Tests.csproj", "{68D05C45-15E1-44A7-8320-D09DF316E64B}"
EndProject
Project("{FAE04EC0-301F-11D3-BF4B-00C04F79EFBC}") = "Bcl.AttributeValuesExtraction.Data", "Bcl.AttributeValuesExtraction.Data\Bcl.AttributeValuesExtraction.Data.csproj", "{B68E0BC3-1481-48B0-ACAA-5675F88005C9}"
EndProject
Project("{2150E333-8FDC-42A3-9474-1A3956D46DE8}") = "ExceptionHandling", "ExceptionHandling", "{59719A56-50DF-401C-BA90-7ED0C0AA1F4B}"
EndProject
Project("{2150E333-8FDC-42A3-9474-1A3956D46DE8}") = "CodeContracts", "CodeContracts", "{CF1CA7C8-7597-43AC-8AA4-044AE38D0CBE}"
EndProject
Project("{FAE04EC0-301F-11D3-BF4B-00C04F79EFBC}") = "ExceptionHandling.CodeContracts.ConsoleApplication", "ExceptionHandling.CodeContracts.ConsoleApplication\ExceptionHandling.CodeContracts.ConsoleApplication.csproj", "{A6A9CDCF-B93C-415F-8301-A5030646A1EF}"
EndProject
Project("{FAE04EC0-301F-11D3-BF4B-00C04F79EFBC}") = "ExceptionHandling.CodeContracts.CodeAuthorInfo", "ExceptionHandling.CodeContracts.CodeAuthorInfo\ExceptionHandling.CodeContracts.CodeAuthorInfo.csproj", "{2D6C72B5-2384-4F99-B2E6-2315B5F6230B}"
EndProject
Project("{FAE04EC0-301F-11D3-BF4B-00C04F79EFBC}") = "ExceptionHandling.CodeContracts.ConsoleUi", "ExceptionHandling.CodeContracts.ConsoleUi\ExceptionHandling.CodeContracts.ConsoleUi.csproj", "{5A41DD0B-1795-4BFF-A3FC-71FBF8FEC67C}"
EndProject
Project("{FAE04EC0-301F-11D3-BF4B-00C04F79EFBC}") = "ExceptionHandling.CodeContracts.CodeAuthorInfo.Tests", "ExceptionHandling.CodeContracts.CodeAuthorInfo.Tests\ExceptionHandling.CodeContracts.CodeAuthorInfo.Tests.csproj", "{BAC31B32-33A9-4ED4-B489-07F2260968D4}"
EndProject
Project("{FAE04EC0-301F-11D3-BF4B-00C04F79EFBC}") = "ExceptionHandling.CodeContracts.Data", "ExceptionHandling.CodeContracts.Data\ExceptionHandling.CodeContracts.Data.csproj", "{4B2149BC-CE56-4816-92E2-C8840FC7F9E9}"
EndProject
Project("{2150E333-8FDC-42A3-9474-1A3956D46DE8}") = "Linq", "Linq", "{E5C2DFB6-D574-40AD-B7CF-2050E8B3F81C}"
EndProject
Project("{2150E333-8FDC-42A3-9474-1A3956D46DE8}") = "BasicLinqOperators", "BasicLinqOperators", "{CF78C7EF-9CCF-4552-AE9A-F10B89DE3119}"
EndProject
Project("{FAE04EC0-301F-11D3-BF4B-00C04F79EFBC}") = "Linq.BasicLinqOperators.LinqSamples", "Linq.BasicLinqOperators.LinqSamples\Linq.BasicLinqOperators.LinqSamples.csproj", "{C770ED8F-6F5E-4DED-92C6-D5FE544DE764}"
EndProject
Project("{FAE04EC0-301F-11D3-BF4B-00C04F79EFBC}") = "Linq.BasicLinqOperators.LinqSamples.Tests", "Linq.BasicLinqOperators.LinqSamples.Tests\Linq.BasicLinqOperators.LinqSamples.Tests.csproj", "{32C11A76-3877-4429-8ACB-9BD3DD870043}"
EndProject
Project("{2150E333-8FDC-42A3-9474-1A3956D46DE8}") = "Reflection", "Reflection", "{2974572D-37C0-4410-BB30-55C93140B511}"
EndProject
Project("{2150E333-8FDC-42A3-9474-1A3956D46DE8}") = "Task2", "Task2", "{C4168D99-ECF3-4581-834E-A6CEEF4A7BA6}"
EndProject
Project("{FAE04EC0-301F-11D3-BF4B-00C04F79EFBC}") = "Reflection.Task2", "Reflection.Task2\Reflection.Task2.csproj", "{DC139299-BFB4-40E6-A55E-D151696A2075}"
EndProject
Project("{FAE04EC0-301F-11D3-BF4B-00C04F79EFBC}") = "Reflection.Task2.Tests", "Reflection.Task2.Tests\Reflection.Task2.Tests.csproj", "{A824C664-E375-422B-ADAB-3AFAA2CE99D6}"
EndProject
Project("{2150E333-8FDC-42A3-9474-1A3956D46DE8}") = "BasicSql", "BasicSql", "{D784C416-6AAE-439A-80EB-DD968CB96320}"
EndProject
Project("{2150E333-8FDC-42A3-9474-1A3956D46DE8}") = "Task1", "Task1", "{3F4FC01E-6462-4AC9-9076-DFCB08DB5672}"
EndProject
Project("{00D1A9C2-B5F0-4AF3-8072-F6C62B433612}") = "BasicSql.Task1.Part1,2", "BasicSql.Task1.Part1,2\BasicSql.Task1.Part1,2.sqlproj", "{7D6B5E1A-BEBE-4CB8-B493-C332E952ED75}"
EndProject
Project("{00D1A9C2-B5F0-4AF3-8072-F6C62B433612}") = "BasicSql.Task1.Part3.1", "BasicSql.Task1.Part3.1\BasicSql.Task1.Part3.1.sqlproj", "{A7F9873F-079D-4C7D-BFCE-902BA3C3B42B}"
EndProject
Project("{2150E333-8FDC-42A3-9474-1A3956D46DE8}") = "BasicSql.Task1.Part3.2,3.3", "BasicSql.Task1.Part3.2,3.3", "{FE9B3FB5-0E3F-4E3E-8176-0DE770BD60B5}"
EndProject
Project("{00D1A9C2-B5F0-4AF3-8072-F6C62B433612}") = "BasicSql.Task1.Part3.2,3.3.Version1.0", "BasicSql.Task1.Part3.2,3.3.Version1.0\BasicSql.Task1.Part3.2,3.3.Version1.0.sqlproj", "{890C6B08-4C80-448D-AE10-47FA8D5148E6}"
EndProject
Project("{00D1A9C2-B5F0-4AF3-8072-F6C62B433612}") = "BasicSql.Task1.Part3.2,3.3.Version1.1", "BasicSql.Task1.Part3.2,3.3.Version1.1\BasicSql.Task1.Part3.2,3.3.Version1.1.sqlproj", "{2A6D08C5-E260-4025-A173-DB8C83204C2E}"
EndProject
Project("{00D1A9C2-B5F0-4AF3-8072-F6C62B433612}") = "BasicSql.Task1.Part3.2,3.3.Version1.3", "BasicSql.Task1.Part3.2,3.3.Version1.3\BasicSql.Task1.Part3.2,3.3.Version1.3.sqlproj", "{5AD6FF34-9567-477C-B8EC-563E078BB899}"
EndProject
Project("{2150E333-8FDC-42A3-9474-1A3956D46DE8}") = "src", "src", "{D51E84A6-83E8-45AE-A1FF-A44F18FBC3D9}"
EndProject
Project("{2150E333-8FDC-42A3-9474-1A3956D46DE8}") = "Orm", "Orm", "{85C21E2B-163A-4E7E-A98D-215836DCB384}"
EndProject
Project("{2150E333-8FDC-42A3-9474-1A3956D46DE8}") = "MicroOrm", "MicroOrm", "{5EF7BC2A-CFFF-4DC6-8053-F64A8652F90C}"
EndProject
Project("{2150E333-8FDC-42A3-9474-1A3956D46DE8}") = "EntityFramework", "EntityFramework", "{C480149F-F11F-47FA-BACB-1347215E099E}"
EndProject
Project("{FAE04EC0-301F-11D3-BF4B-00C04F79EFBC}") = "Orm.MicroOrm", "Orm.MicroOrm\Orm.MicroOrm.csproj", "{75A143A5-4517-438F-9DE3-16D5E94B1C79}"
EndProject
Project("{00D1A9C2-B5F0-4AF3-8072-F6C62B433612}") = "Orm.Northwind", "Orm.Northwind\Orm.Northwind.sqlproj", "{0DE9165E-56E2-4392-8E92-3C6422C4B7D5}"
EndProject
Project("{2150E333-8FDC-42A3-9474-1A3956D46DE8}") = "Common", "Common", "{8EA4B80C-E053-4DDD-9BE1-630EF124A1F5}"
	ProjectSection(SolutionItems) = preProject
		CodeAnalysisDictionary.xml = CodeAnalysisDictionary.xml
	EndProjectSection
EndProject
Project("{2150E333-8FDC-42A3-9474-1A3956D46DE8}") = "Modules", "Modules", "{D887C372-3C9A-4F23-9CE8-5F3184210F43}"
EndProject
Project("{FAE04EC0-301F-11D3-BF4B-00C04F79EFBC}") = "Orm.MicroOrm.Tests", "Orm.MicroOrm.Tests\Orm.MicroOrm.Tests.csproj", "{CD6E12DE-FD10-428E-B199-2B4E42794B11}"
EndProject
Project("{FAE04EC0-301F-11D3-BF4B-00C04F79EFBC}") = "Orm.EntityFramework.Northwind", "Orm.EntityFramework.Northwind\Orm.EntityFramework.Northwind.csproj", "{1CC4D074-5922-497E-A7E2-F6BDDF43F532}"
EndProject
Project("{FAE04EC0-301F-11D3-BF4B-00C04F79EFBC}") = "Orm.EntityFramework.DataAccess", "Orm.EntityFramework.DataAccess\Orm.EntityFramework.DataAccess.csproj", "{4B3B9B1F-DA3F-40E3-93DD-C9363C1B8040}"
EndProject
Project("{FAE04EC0-301F-11D3-BF4B-00C04F79EFBC}") = "Orm.EntityFramework.DataAccess.Tests", "Orm.EntityFramework.DataAccess.Tests\Orm.EntityFramework.DataAccess.Tests.csproj", "{310A25FC-50F9-4304-A2F1-C74BAB880C34}"
EndProject
Project("{2150E333-8FDC-42A3-9474-1A3956D46DE8}") = "HttpFundamentals", "HttpFundamentals", "{18B9DC30-3A59-410F-ACEE-7FE71E6CF6AF}"
EndProject
Project("{2150E333-8FDC-42A3-9474-1A3956D46DE8}") = "Task1", "Task1", "{C9AEA2BF-A3C3-4DF9-8A18-203F4CC53F49}"
EndProject
Project("{FAE04EC0-301F-11D3-BF4B-00C04F79EFBC}") = "HttpFundamentals.Task1.ConsoleApplication", "HttpFundamentals.Task1.ConsoleApplication\HttpFundamentals.Task1.ConsoleApplication.csproj", "{439463C1-E8C3-4EB9-A7E4-01982B2C92A9}"
EndProject
Project("{2150E333-8FDC-42A3-9474-1A3956D46DE8}") = "LoggingAndMonitoring", "LoggingAndMonitoring", "{3C4E97B8-FE9E-4EFC-8F0B-80971A2F6B43}"
EndProject
Project("{2150E333-8FDC-42A3-9474-1A3956D46DE8}") = "Task1", "Task1", "{5B241AB6-18D6-4E68-B834-D3A188AEECF5}"
EndProject
Project("{FAE04EC0-301F-11D3-BF4B-00C04F79EFBC}") = "LoggingAndMonitoring.Task1.MvcMusicStore", "LoggingAndMonitoring.Task1.MvcMusicStore\LoggingAndMonitoring.Task1.MvcMusicStore.csproj", "{25CE8290-EF24-4818-B009-68DC903163D3}"
EndProject
Project("{FAE04EC0-301F-11D3-BF4B-00C04F79EFBC}") = "LoggingAndMonitoring.Task1.PerformanceCountersInstaller", "LoggingAndMonitoring.Task1.PerformanceCountersInstaller\LoggingAndMonitoring.Task1.PerformanceCountersInstaller.csproj", "{F5BD84EC-CEDB-409F-9D32-4437A27D4F7E}"
EndProject
Project("{FAE04EC0-301F-11D3-BF4B-00C04F79EFBC}") = "LoggingAndMonitoring.Task1.Tests", "LoggingAndMonitoring.Task1.Tests\LoggingAndMonitoring.Task1.Tests.csproj", "{98F00DEF-0E26-4D47-ADF3-01783E684DFD}"
EndProject
Project("{2150E333-8FDC-42A3-9474-1A3956D46DE8}") = "Caching", "Caching", "{E6956E3D-5BD4-4396-89AF-8D482F0FCA73}"
EndProject
Project("{2150E333-8FDC-42A3-9474-1A3956D46DE8}") = "Part1", "Part1", "{718B5163-1476-441C-AC2F-A333244E01EE}"
EndProject
Project("{FAE04EC0-301F-11D3-BF4B-00C04F79EFBC}") = "Caching.Task1.Part1.FibonacciGenerating", "Caching.Task1.Part1.FibonacciGenerating\Caching.Task1.Part1.FibonacciGenerating.csproj", "{57C9EDFA-0C92-406A-AA57-C2416EB9A3AC}"
EndProject
Project("{FAE04EC0-301F-11D3-BF4B-00C04F79EFBC}") = "Caching.Task1.Part1.FibonacciGenerating.Tests", "Caching.Task1.Part1.FibonacciGenerating.Tests\Caching.Task1.Part1.FibonacciGenerating.Tests.csproj", "{19908DAC-62A7-4AB5-9B51-25111C54B984}"
EndProject
Project("{2150E333-8FDC-42A3-9474-1A3956D46DE8}") = "Serialization", "Serialization", "{EC2090BD-DC93-415E-A646-F801A4C53AE1}"
EndProject
Project("{FAE04EC0-301F-11D3-BF4B-00C04F79EFBC}") = "Caching.Task1.Part1.FibonacciProviding", "Caching.Task1.Part1.FibonacciProviding\Caching.Task1.Part1.FibonacciProviding.csproj", "{F6E9DB71-B471-4C94-A247-1E34DC63A464}"
EndProject
Project("{FAE04EC0-301F-11D3-BF4B-00C04F79EFBC}") = "Caching.Task1.Part1.FibonacciProviding.Tests", "Caching.Task1.Part1.FibonacciProviding.Tests\Caching.Task1.Part1.FibonacciProviding.Tests.csproj", "{C12D0AE0-F135-4523-BD53-FA485C89F087}"
EndProject
Project("{2150E333-8FDC-42A3-9474-1A3956D46DE8}") = "Basic", "Basic", "{BCA4DB36-B35A-4841-8885-8146E2804907}"
EndProject
Project("{2150E333-8FDC-42A3-9474-1A3956D46DE8}") = "Custom", "Custom", "{E7B6CC71-8D67-4193-A7B0-03BF9BCDB4F5}"
EndProject
Project("{FAE04EC0-301F-11D3-BF4B-00C04F79EFBC}") = "Serialization.Basic", "Serialization.Basic\Serialization.Basic.csproj", "{1A85C3D5-FD0D-4CE7-AF9D-7061A59AABDC}"
EndProject
Project("{FAE04EC0-301F-11D3-BF4B-00C04F79EFBC}") = "Serialization.Basic.Tests", "Serialization.Basic.Tests\Serialization.Basic.Tests.csproj", "{4FD15B03-0EB7-4628-B664-AA4D9D59CD20}"
EndProject
Project("{2150E333-8FDC-42A3-9474-1A3956D46DE8}") = "Part2", "Part2", "{ECA4E0B5-2304-4B33-A06C-D170CEE25436}"
EndProject
Project("{FAE04EC0-301F-11D3-BF4B-00C04F79EFBC}") = "Serialization.Custom.Tests", "Serialization.Custom.Tests\Serialization.Custom.Tests.csproj", "{D6C1A125-1AF5-44C4-BEB1-E9F49BB81460}"
EndProject
Project("{2150E333-8FDC-42A3-9474-1A3956D46DE8}") = "Task1", "Task1", "{6FD383E4-EE22-4C37-89B2-8E4E2AD53360}"
EndProject
Project("{FAE04EC0-301F-11D3-BF4B-00C04F79EFBC}") = "Caching.Task1.Part2.NorthwindCaching.Tests", "Caching.Task1.Part2.NorthwindCaching.Tests\Caching.Task1.Part2.NorthwindCaching.Tests.csproj", "{FD68FC99-BCAA-4FD1-9704-F5858695A57B}"
EndProject
Project("{FAE04EC0-301F-11D3-BF4B-00C04F79EFBC}") = "Caching.Task1.Part2.Northwind", "Caching.Task1.Part2.Northwind\Caching.Task1.Part2.Northwind.csproj", "{F79A630E-2CA6-4D30-9FE2-51BBC6D69D7F}"
EndProject
Project("{FAE04EC0-301F-11D3-BF4B-00C04F79EFBC}") = "Caching.Task1.Part2.NorthwindCaching", "Caching.Task1.Part2.NorthwindCaching\Caching.Task1.Part2.NorthwindCaching.csproj", "{C8DDA4EC-D8E2-4EB5-BCB8-D9659C240C06}"
EndProject
Project("{FAE04EC0-301F-11D3-BF4B-00C04F79EFBC}") = "HttpFundamentals.Task1.WebLoading", "HttpFundamentals.Task1.WebLoading\HttpFundamentals.Task1.WebLoading.csproj", "{0AA8F5F2-CC32-47D1-8AD7-FA4AB0F8717A}"
EndProject
Project("{FAE04EC0-301F-11D3-BF4B-00C04F79EFBC}") = "HttpFundamentals.Task1.WebLoading.Tests", "HttpFundamentals.Task1.WebLoading.Tests\HttpFundamentals.Task1.WebLoading.Tests.csproj", "{6F574596-DD6E-4006-AE78-5D6A2AEA6559}"
EndProject
Global
	GlobalSection(SolutionConfigurationPlatforms) = preSolution
		Debug|Any CPU = Debug|Any CPU
		Release|Any CPU = Release|Any CPU
	EndGlobalSection
	GlobalSection(ProjectConfigurationPlatforms) = postSolution
		{D0E333FE-7A3D-4071-9280-66F5C49149C2}.Debug|Any CPU.ActiveCfg = Debug|Any CPU
		{D0E333FE-7A3D-4071-9280-66F5C49149C2}.Debug|Any CPU.Build.0 = Debug|Any CPU
		{D0E333FE-7A3D-4071-9280-66F5C49149C2}.Release|Any CPU.ActiveCfg = Release|Any CPU
		{D0E333FE-7A3D-4071-9280-66F5C49149C2}.Release|Any CPU.Build.0 = Release|Any CPU
		{20B42693-8596-41E3-92C5-CE1136EC0654}.Debug|Any CPU.ActiveCfg = Debug|Any CPU
		{20B42693-8596-41E3-92C5-CE1136EC0654}.Debug|Any CPU.Build.0 = Debug|Any CPU
		{20B42693-8596-41E3-92C5-CE1136EC0654}.Release|Any CPU.ActiveCfg = Release|Any CPU
		{20B42693-8596-41E3-92C5-CE1136EC0654}.Release|Any CPU.Build.0 = Release|Any CPU
		{6A889A85-FE49-48B4-A3AB-EE425501AA7A}.Debug|Any CPU.ActiveCfg = Debug|Any CPU
		{6A889A85-FE49-48B4-A3AB-EE425501AA7A}.Debug|Any CPU.Build.0 = Debug|Any CPU
		{6A889A85-FE49-48B4-A3AB-EE425501AA7A}.Release|Any CPU.ActiveCfg = Release|Any CPU
		{6A889A85-FE49-48B4-A3AB-EE425501AA7A}.Release|Any CPU.Build.0 = Release|Any CPU
		{CCBA62F4-AE14-4BD0-8F6A-0CB4DAA532B2}.Debug|Any CPU.ActiveCfg = Debug|Any CPU
		{CCBA62F4-AE14-4BD0-8F6A-0CB4DAA532B2}.Debug|Any CPU.Build.0 = Debug|Any CPU
		{CCBA62F4-AE14-4BD0-8F6A-0CB4DAA532B2}.Release|Any CPU.ActiveCfg = Release|Any CPU
		{CCBA62F4-AE14-4BD0-8F6A-0CB4DAA532B2}.Release|Any CPU.Build.0 = Release|Any CPU
		{288D82CA-F1F3-4208-B3EE-8610B591B8CF}.Debug|Any CPU.ActiveCfg = Debug|Any CPU
		{288D82CA-F1F3-4208-B3EE-8610B591B8CF}.Debug|Any CPU.Build.0 = Debug|Any CPU
		{288D82CA-F1F3-4208-B3EE-8610B591B8CF}.Release|Any CPU.ActiveCfg = Release|Any CPU
		{288D82CA-F1F3-4208-B3EE-8610B591B8CF}.Release|Any CPU.Build.0 = Release|Any CPU
		{353231C0-1D6A-4EE1-B104-CAD1FC6E6A58}.Debug|Any CPU.ActiveCfg = Debug|Any CPU
		{353231C0-1D6A-4EE1-B104-CAD1FC6E6A58}.Debug|Any CPU.Build.0 = Debug|Any CPU
		{353231C0-1D6A-4EE1-B104-CAD1FC6E6A58}.Release|Any CPU.ActiveCfg = Release|Any CPU
		{353231C0-1D6A-4EE1-B104-CAD1FC6E6A58}.Release|Any CPU.Build.0 = Release|Any CPU
		{68D05C45-15E1-44A7-8320-D09DF316E64B}.Debug|Any CPU.ActiveCfg = Debug|Any CPU
		{68D05C45-15E1-44A7-8320-D09DF316E64B}.Debug|Any CPU.Build.0 = Debug|Any CPU
		{68D05C45-15E1-44A7-8320-D09DF316E64B}.Release|Any CPU.ActiveCfg = Release|Any CPU
		{68D05C45-15E1-44A7-8320-D09DF316E64B}.Release|Any CPU.Build.0 = Release|Any CPU
		{B68E0BC3-1481-48B0-ACAA-5675F88005C9}.Debug|Any CPU.ActiveCfg = Debug|Any CPU
		{B68E0BC3-1481-48B0-ACAA-5675F88005C9}.Debug|Any CPU.Build.0 = Debug|Any CPU
		{B68E0BC3-1481-48B0-ACAA-5675F88005C9}.Release|Any CPU.ActiveCfg = Release|Any CPU
		{B68E0BC3-1481-48B0-ACAA-5675F88005C9}.Release|Any CPU.Build.0 = Release|Any CPU
		{A6A9CDCF-B93C-415F-8301-A5030646A1EF}.Debug|Any CPU.ActiveCfg = Debug|Any CPU
		{A6A9CDCF-B93C-415F-8301-A5030646A1EF}.Debug|Any CPU.Build.0 = Debug|Any CPU
		{A6A9CDCF-B93C-415F-8301-A5030646A1EF}.Release|Any CPU.ActiveCfg = Release|Any CPU
		{A6A9CDCF-B93C-415F-8301-A5030646A1EF}.Release|Any CPU.Build.0 = Release|Any CPU
		{2D6C72B5-2384-4F99-B2E6-2315B5F6230B}.Debug|Any CPU.ActiveCfg = Debug|Any CPU
		{2D6C72B5-2384-4F99-B2E6-2315B5F6230B}.Debug|Any CPU.Build.0 = Debug|Any CPU
		{2D6C72B5-2384-4F99-B2E6-2315B5F6230B}.Release|Any CPU.ActiveCfg = Release|Any CPU
		{2D6C72B5-2384-4F99-B2E6-2315B5F6230B}.Release|Any CPU.Build.0 = Release|Any CPU
		{5A41DD0B-1795-4BFF-A3FC-71FBF8FEC67C}.Debug|Any CPU.ActiveCfg = Debug|Any CPU
		{5A41DD0B-1795-4BFF-A3FC-71FBF8FEC67C}.Debug|Any CPU.Build.0 = Debug|Any CPU
		{5A41DD0B-1795-4BFF-A3FC-71FBF8FEC67C}.Release|Any CPU.ActiveCfg = Release|Any CPU
		{5A41DD0B-1795-4BFF-A3FC-71FBF8FEC67C}.Release|Any CPU.Build.0 = Release|Any CPU
		{BAC31B32-33A9-4ED4-B489-07F2260968D4}.Debug|Any CPU.ActiveCfg = Debug|Any CPU
		{BAC31B32-33A9-4ED4-B489-07F2260968D4}.Debug|Any CPU.Build.0 = Debug|Any CPU
		{BAC31B32-33A9-4ED4-B489-07F2260968D4}.Release|Any CPU.ActiveCfg = Release|Any CPU
		{BAC31B32-33A9-4ED4-B489-07F2260968D4}.Release|Any CPU.Build.0 = Release|Any CPU
		{4B2149BC-CE56-4816-92E2-C8840FC7F9E9}.Debug|Any CPU.ActiveCfg = Debug|Any CPU
		{4B2149BC-CE56-4816-92E2-C8840FC7F9E9}.Debug|Any CPU.Build.0 = Debug|Any CPU
		{4B2149BC-CE56-4816-92E2-C8840FC7F9E9}.Release|Any CPU.ActiveCfg = Release|Any CPU
		{4B2149BC-CE56-4816-92E2-C8840FC7F9E9}.Release|Any CPU.Build.0 = Release|Any CPU
		{C770ED8F-6F5E-4DED-92C6-D5FE544DE764}.Debug|Any CPU.ActiveCfg = Debug|Any CPU
		{C770ED8F-6F5E-4DED-92C6-D5FE544DE764}.Debug|Any CPU.Build.0 = Debug|Any CPU
		{C770ED8F-6F5E-4DED-92C6-D5FE544DE764}.Release|Any CPU.ActiveCfg = Release|Any CPU
		{C770ED8F-6F5E-4DED-92C6-D5FE544DE764}.Release|Any CPU.Build.0 = Release|Any CPU
		{32C11A76-3877-4429-8ACB-9BD3DD870043}.Debug|Any CPU.ActiveCfg = Debug|Any CPU
		{32C11A76-3877-4429-8ACB-9BD3DD870043}.Debug|Any CPU.Build.0 = Debug|Any CPU
		{32C11A76-3877-4429-8ACB-9BD3DD870043}.Release|Any CPU.ActiveCfg = Release|Any CPU
		{32C11A76-3877-4429-8ACB-9BD3DD870043}.Release|Any CPU.Build.0 = Release|Any CPU
		{DC139299-BFB4-40E6-A55E-D151696A2075}.Debug|Any CPU.ActiveCfg = Debug|Any CPU
		{DC139299-BFB4-40E6-A55E-D151696A2075}.Debug|Any CPU.Build.0 = Debug|Any CPU
		{DC139299-BFB4-40E6-A55E-D151696A2075}.Release|Any CPU.ActiveCfg = Release|Any CPU
		{DC139299-BFB4-40E6-A55E-D151696A2075}.Release|Any CPU.Build.0 = Release|Any CPU
		{A824C664-E375-422B-ADAB-3AFAA2CE99D6}.Debug|Any CPU.ActiveCfg = Debug|Any CPU
		{A824C664-E375-422B-ADAB-3AFAA2CE99D6}.Debug|Any CPU.Build.0 = Debug|Any CPU
		{A824C664-E375-422B-ADAB-3AFAA2CE99D6}.Release|Any CPU.ActiveCfg = Release|Any CPU
		{A824C664-E375-422B-ADAB-3AFAA2CE99D6}.Release|Any CPU.Build.0 = Release|Any CPU
		{7D6B5E1A-BEBE-4CB8-B493-C332E952ED75}.Debug|Any CPU.ActiveCfg = Debug|Any CPU
		{7D6B5E1A-BEBE-4CB8-B493-C332E952ED75}.Debug|Any CPU.Build.0 = Debug|Any CPU
		{7D6B5E1A-BEBE-4CB8-B493-C332E952ED75}.Debug|Any CPU.Deploy.0 = Debug|Any CPU
		{7D6B5E1A-BEBE-4CB8-B493-C332E952ED75}.Release|Any CPU.ActiveCfg = Release|Any CPU
		{7D6B5E1A-BEBE-4CB8-B493-C332E952ED75}.Release|Any CPU.Build.0 = Release|Any CPU
		{7D6B5E1A-BEBE-4CB8-B493-C332E952ED75}.Release|Any CPU.Deploy.0 = Release|Any CPU
		{A7F9873F-079D-4C7D-BFCE-902BA3C3B42B}.Debug|Any CPU.ActiveCfg = Debug|Any CPU
		{A7F9873F-079D-4C7D-BFCE-902BA3C3B42B}.Debug|Any CPU.Build.0 = Debug|Any CPU
		{A7F9873F-079D-4C7D-BFCE-902BA3C3B42B}.Debug|Any CPU.Deploy.0 = Debug|Any CPU
		{A7F9873F-079D-4C7D-BFCE-902BA3C3B42B}.Release|Any CPU.ActiveCfg = Release|Any CPU
		{A7F9873F-079D-4C7D-BFCE-902BA3C3B42B}.Release|Any CPU.Build.0 = Release|Any CPU
		{A7F9873F-079D-4C7D-BFCE-902BA3C3B42B}.Release|Any CPU.Deploy.0 = Release|Any CPU
		{890C6B08-4C80-448D-AE10-47FA8D5148E6}.Debug|Any CPU.ActiveCfg = Debug|Any CPU
		{890C6B08-4C80-448D-AE10-47FA8D5148E6}.Debug|Any CPU.Build.0 = Debug|Any CPU
		{890C6B08-4C80-448D-AE10-47FA8D5148E6}.Debug|Any CPU.Deploy.0 = Debug|Any CPU
		{890C6B08-4C80-448D-AE10-47FA8D5148E6}.Release|Any CPU.ActiveCfg = Release|Any CPU
		{890C6B08-4C80-448D-AE10-47FA8D5148E6}.Release|Any CPU.Build.0 = Release|Any CPU
		{890C6B08-4C80-448D-AE10-47FA8D5148E6}.Release|Any CPU.Deploy.0 = Release|Any CPU
		{2A6D08C5-E260-4025-A173-DB8C83204C2E}.Debug|Any CPU.ActiveCfg = Debug|Any CPU
		{2A6D08C5-E260-4025-A173-DB8C83204C2E}.Debug|Any CPU.Build.0 = Debug|Any CPU
		{2A6D08C5-E260-4025-A173-DB8C83204C2E}.Debug|Any CPU.Deploy.0 = Debug|Any CPU
		{2A6D08C5-E260-4025-A173-DB8C83204C2E}.Release|Any CPU.ActiveCfg = Release|Any CPU
		{2A6D08C5-E260-4025-A173-DB8C83204C2E}.Release|Any CPU.Build.0 = Release|Any CPU
		{2A6D08C5-E260-4025-A173-DB8C83204C2E}.Release|Any CPU.Deploy.0 = Release|Any CPU
		{5AD6FF34-9567-477C-B8EC-563E078BB899}.Debug|Any CPU.ActiveCfg = Debug|Any CPU
		{5AD6FF34-9567-477C-B8EC-563E078BB899}.Debug|Any CPU.Build.0 = Debug|Any CPU
		{5AD6FF34-9567-477C-B8EC-563E078BB899}.Debug|Any CPU.Deploy.0 = Debug|Any CPU
		{5AD6FF34-9567-477C-B8EC-563E078BB899}.Release|Any CPU.ActiveCfg = Release|Any CPU
		{5AD6FF34-9567-477C-B8EC-563E078BB899}.Release|Any CPU.Build.0 = Release|Any CPU
		{5AD6FF34-9567-477C-B8EC-563E078BB899}.Release|Any CPU.Deploy.0 = Release|Any CPU
		{75A143A5-4517-438F-9DE3-16D5E94B1C79}.Debug|Any CPU.ActiveCfg = Debug|Any CPU
		{75A143A5-4517-438F-9DE3-16D5E94B1C79}.Debug|Any CPU.Build.0 = Debug|Any CPU
		{75A143A5-4517-438F-9DE3-16D5E94B1C79}.Release|Any CPU.ActiveCfg = Release|Any CPU
		{75A143A5-4517-438F-9DE3-16D5E94B1C79}.Release|Any CPU.Build.0 = Release|Any CPU
		{0DE9165E-56E2-4392-8E92-3C6422C4B7D5}.Debug|Any CPU.ActiveCfg = Debug|Any CPU
		{0DE9165E-56E2-4392-8E92-3C6422C4B7D5}.Debug|Any CPU.Build.0 = Debug|Any CPU
		{0DE9165E-56E2-4392-8E92-3C6422C4B7D5}.Debug|Any CPU.Deploy.0 = Debug|Any CPU
		{0DE9165E-56E2-4392-8E92-3C6422C4B7D5}.Release|Any CPU.ActiveCfg = Release|Any CPU
		{0DE9165E-56E2-4392-8E92-3C6422C4B7D5}.Release|Any CPU.Build.0 = Release|Any CPU
		{0DE9165E-56E2-4392-8E92-3C6422C4B7D5}.Release|Any CPU.Deploy.0 = Release|Any CPU
		{CD6E12DE-FD10-428E-B199-2B4E42794B11}.Debug|Any CPU.ActiveCfg = Debug|Any CPU
		{CD6E12DE-FD10-428E-B199-2B4E42794B11}.Debug|Any CPU.Build.0 = Debug|Any CPU
		{CD6E12DE-FD10-428E-B199-2B4E42794B11}.Release|Any CPU.ActiveCfg = Release|Any CPU
		{CD6E12DE-FD10-428E-B199-2B4E42794B11}.Release|Any CPU.Build.0 = Release|Any CPU
		{1CC4D074-5922-497E-A7E2-F6BDDF43F532}.Debug|Any CPU.ActiveCfg = Debug|Any CPU
		{1CC4D074-5922-497E-A7E2-F6BDDF43F532}.Debug|Any CPU.Build.0 = Debug|Any CPU
		{1CC4D074-5922-497E-A7E2-F6BDDF43F532}.Release|Any CPU.ActiveCfg = Release|Any CPU
		{1CC4D074-5922-497E-A7E2-F6BDDF43F532}.Release|Any CPU.Build.0 = Release|Any CPU
		{4B3B9B1F-DA3F-40E3-93DD-C9363C1B8040}.Debug|Any CPU.ActiveCfg = Debug|Any CPU
		{4B3B9B1F-DA3F-40E3-93DD-C9363C1B8040}.Debug|Any CPU.Build.0 = Debug|Any CPU
		{4B3B9B1F-DA3F-40E3-93DD-C9363C1B8040}.Release|Any CPU.ActiveCfg = Release|Any CPU
		{4B3B9B1F-DA3F-40E3-93DD-C9363C1B8040}.Release|Any CPU.Build.0 = Release|Any CPU
		{310A25FC-50F9-4304-A2F1-C74BAB880C34}.Debug|Any CPU.ActiveCfg = Debug|Any CPU
		{310A25FC-50F9-4304-A2F1-C74BAB880C34}.Debug|Any CPU.Build.0 = Debug|Any CPU
		{310A25FC-50F9-4304-A2F1-C74BAB880C34}.Release|Any CPU.ActiveCfg = Release|Any CPU
		{310A25FC-50F9-4304-A2F1-C74BAB880C34}.Release|Any CPU.Build.0 = Release|Any CPU
		{439463C1-E8C3-4EB9-A7E4-01982B2C92A9}.Debug|Any CPU.ActiveCfg = Debug|Any CPU
		{439463C1-E8C3-4EB9-A7E4-01982B2C92A9}.Debug|Any CPU.Build.0 = Debug|Any CPU
		{439463C1-E8C3-4EB9-A7E4-01982B2C92A9}.Release|Any CPU.ActiveCfg = Release|Any CPU
		{439463C1-E8C3-4EB9-A7E4-01982B2C92A9}.Release|Any CPU.Build.0 = Release|Any CPU
		{25CE8290-EF24-4818-B009-68DC903163D3}.Debug|Any CPU.ActiveCfg = Debug|Any CPU
		{25CE8290-EF24-4818-B009-68DC903163D3}.Debug|Any CPU.Build.0 = Debug|Any CPU
		{25CE8290-EF24-4818-B009-68DC903163D3}.Release|Any CPU.ActiveCfg = Release|Any CPU
		{25CE8290-EF24-4818-B009-68DC903163D3}.Release|Any CPU.Build.0 = Release|Any CPU
		{F5BD84EC-CEDB-409F-9D32-4437A27D4F7E}.Debug|Any CPU.ActiveCfg = Debug|Any CPU
		{F5BD84EC-CEDB-409F-9D32-4437A27D4F7E}.Debug|Any CPU.Build.0 = Debug|Any CPU
		{F5BD84EC-CEDB-409F-9D32-4437A27D4F7E}.Release|Any CPU.ActiveCfg = Release|Any CPU
		{F5BD84EC-CEDB-409F-9D32-4437A27D4F7E}.Release|Any CPU.Build.0 = Release|Any CPU
		{98F00DEF-0E26-4D47-ADF3-01783E684DFD}.Debug|Any CPU.ActiveCfg = Debug|Any CPU
		{98F00DEF-0E26-4D47-ADF3-01783E684DFD}.Debug|Any CPU.Build.0 = Debug|Any CPU
		{98F00DEF-0E26-4D47-ADF3-01783E684DFD}.Release|Any CPU.ActiveCfg = Release|Any CPU
		{98F00DEF-0E26-4D47-ADF3-01783E684DFD}.Release|Any CPU.Build.0 = Release|Any CPU
		{57C9EDFA-0C92-406A-AA57-C2416EB9A3AC}.Debug|Any CPU.ActiveCfg = Debug|Any CPU
		{57C9EDFA-0C92-406A-AA57-C2416EB9A3AC}.Debug|Any CPU.Build.0 = Debug|Any CPU
		{57C9EDFA-0C92-406A-AA57-C2416EB9A3AC}.Release|Any CPU.ActiveCfg = Release|Any CPU
		{57C9EDFA-0C92-406A-AA57-C2416EB9A3AC}.Release|Any CPU.Build.0 = Release|Any CPU
		{19908DAC-62A7-4AB5-9B51-25111C54B984}.Debug|Any CPU.ActiveCfg = Debug|Any CPU
		{19908DAC-62A7-4AB5-9B51-25111C54B984}.Debug|Any CPU.Build.0 = Debug|Any CPU
		{19908DAC-62A7-4AB5-9B51-25111C54B984}.Release|Any CPU.ActiveCfg = Release|Any CPU
		{19908DAC-62A7-4AB5-9B51-25111C54B984}.Release|Any CPU.Build.0 = Release|Any CPU
		{F6E9DB71-B471-4C94-A247-1E34DC63A464}.Debug|Any CPU.ActiveCfg = Debug|Any CPU
		{F6E9DB71-B471-4C94-A247-1E34DC63A464}.Debug|Any CPU.Build.0 = Debug|Any CPU
		{F6E9DB71-B471-4C94-A247-1E34DC63A464}.Release|Any CPU.ActiveCfg = Release|Any CPU
		{F6E9DB71-B471-4C94-A247-1E34DC63A464}.Release|Any CPU.Build.0 = Release|Any CPU
		{C12D0AE0-F135-4523-BD53-FA485C89F087}.Debug|Any CPU.ActiveCfg = Debug|Any CPU
		{C12D0AE0-F135-4523-BD53-FA485C89F087}.Debug|Any CPU.Build.0 = Debug|Any CPU
		{C12D0AE0-F135-4523-BD53-FA485C89F087}.Release|Any CPU.ActiveCfg = Release|Any CPU
		{C12D0AE0-F135-4523-BD53-FA485C89F087}.Release|Any CPU.Build.0 = Release|Any CPU
		{1A85C3D5-FD0D-4CE7-AF9D-7061A59AABDC}.Debug|Any CPU.ActiveCfg = Debug|Any CPU
		{1A85C3D5-FD0D-4CE7-AF9D-7061A59AABDC}.Debug|Any CPU.Build.0 = Debug|Any CPU
		{1A85C3D5-FD0D-4CE7-AF9D-7061A59AABDC}.Release|Any CPU.ActiveCfg = Release|Any CPU
		{1A85C3D5-FD0D-4CE7-AF9D-7061A59AABDC}.Release|Any CPU.Build.0 = Release|Any CPU
		{4FD15B03-0EB7-4628-B664-AA4D9D59CD20}.Debug|Any CPU.ActiveCfg = Debug|Any CPU
		{4FD15B03-0EB7-4628-B664-AA4D9D59CD20}.Debug|Any CPU.Build.0 = Debug|Any CPU
		{4FD15B03-0EB7-4628-B664-AA4D9D59CD20}.Release|Any CPU.ActiveCfg = Release|Any CPU
		{4FD15B03-0EB7-4628-B664-AA4D9D59CD20}.Release|Any CPU.Build.0 = Release|Any CPU
		{D6C1A125-1AF5-44C4-BEB1-E9F49BB81460}.Debug|Any CPU.ActiveCfg = Debug|Any CPU
		{D6C1A125-1AF5-44C4-BEB1-E9F49BB81460}.Debug|Any CPU.Build.0 = Debug|Any CPU
		{D6C1A125-1AF5-44C4-BEB1-E9F49BB81460}.Release|Any CPU.ActiveCfg = Release|Any CPU
		{D6C1A125-1AF5-44C4-BEB1-E9F49BB81460}.Release|Any CPU.Build.0 = Release|Any CPU
		{FD68FC99-BCAA-4FD1-9704-F5858695A57B}.Debug|Any CPU.ActiveCfg = Debug|Any CPU
		{FD68FC99-BCAA-4FD1-9704-F5858695A57B}.Debug|Any CPU.Build.0 = Debug|Any CPU
		{FD68FC99-BCAA-4FD1-9704-F5858695A57B}.Release|Any CPU.ActiveCfg = Release|Any CPU
		{FD68FC99-BCAA-4FD1-9704-F5858695A57B}.Release|Any CPU.Build.0 = Release|Any CPU
		{F79A630E-2CA6-4D30-9FE2-51BBC6D69D7F}.Debug|Any CPU.ActiveCfg = Debug|Any CPU
		{F79A630E-2CA6-4D30-9FE2-51BBC6D69D7F}.Debug|Any CPU.Build.0 = Debug|Any CPU
		{F79A630E-2CA6-4D30-9FE2-51BBC6D69D7F}.Release|Any CPU.ActiveCfg = Release|Any CPU
		{F79A630E-2CA6-4D30-9FE2-51BBC6D69D7F}.Release|Any CPU.Build.0 = Release|Any CPU
		{C8DDA4EC-D8E2-4EB5-BCB8-D9659C240C06}.Debug|Any CPU.ActiveCfg = Debug|Any CPU
		{C8DDA4EC-D8E2-4EB5-BCB8-D9659C240C06}.Debug|Any CPU.Build.0 = Debug|Any CPU
		{C8DDA4EC-D8E2-4EB5-BCB8-D9659C240C06}.Release|Any CPU.ActiveCfg = Release|Any CPU
		{C8DDA4EC-D8E2-4EB5-BCB8-D9659C240C06}.Release|Any CPU.Build.0 = Release|Any CPU
		{0AA8F5F2-CC32-47D1-8AD7-FA4AB0F8717A}.Debug|Any CPU.ActiveCfg = Debug|Any CPU
		{0AA8F5F2-CC32-47D1-8AD7-FA4AB0F8717A}.Debug|Any CPU.Build.0 = Debug|Any CPU
		{0AA8F5F2-CC32-47D1-8AD7-FA4AB0F8717A}.Release|Any CPU.ActiveCfg = Release|Any CPU
		{0AA8F5F2-CC32-47D1-8AD7-FA4AB0F8717A}.Release|Any CPU.Build.0 = Release|Any CPU
		{6F574596-DD6E-4006-AE78-5D6A2AEA6559}.Debug|Any CPU.ActiveCfg = Debug|Any CPU
		{6F574596-DD6E-4006-AE78-5D6A2AEA6559}.Debug|Any CPU.Build.0 = Debug|Any CPU
		{6F574596-DD6E-4006-AE78-5D6A2AEA6559}.Release|Any CPU.ActiveCfg = Release|Any CPU
		{6F574596-DD6E-4006-AE78-5D6A2AEA6559}.Release|Any CPU.Build.0 = Release|Any CPU
	EndGlobalSection
	GlobalSection(SolutionProperties) = preSolution
		HideSolutionNode = FALSE
	EndGlobalSection
	GlobalSection(NestedProjects) = preSolution
		{AF18A0F2-0499-4110-AFC6-7626B4757B78} = {4C4368E2-60D4-4EDF-83B5-34B3EAD93912}
		{445BCA1A-3A93-4C97-88D0-A1695D4DFBF8} = {4C4368E2-60D4-4EDF-83B5-34B3EAD93912}
		{D0E333FE-7A3D-4071-9280-66F5C49149C2} = {445BCA1A-3A93-4C97-88D0-A1695D4DFBF8}
		{20B42693-8596-41E3-92C5-CE1136EC0654} = {AF18A0F2-0499-4110-AFC6-7626B4757B78}
		{6A889A85-FE49-48B4-A3AB-EE425501AA7A} = {AF18A0F2-0499-4110-AFC6-7626B4757B78}
		{CCBA62F4-AE14-4BD0-8F6A-0CB4DAA532B2} = {445BCA1A-3A93-4C97-88D0-A1695D4DFBF8}
		{DC7A1C46-E77F-424E-8DB8-86152709FD8B} = {6077F37C-4EEE-4B16-9260-6E3C26BCFE46}
		{79990948-E17F-484E-8897-7199FBB97EFB} = {DC7A1C46-E77F-424E-8DB8-86152709FD8B}
		{EB0F93EF-BC3F-4937-B2A5-A20C23BDA7FE} = {DC7A1C46-E77F-424E-8DB8-86152709FD8B}
		{0ECE51FF-3886-4296-8587-DE83F98AA5F5} = {DC7A1C46-E77F-424E-8DB8-86152709FD8B}
		{EB4C0071-AEE8-4466-BA2A-2509E99CD31D} = {D887C372-3C9A-4F23-9CE8-5F3184210F43}
		{F35761E9-6792-4337-9F4B-6C73A2FF7104} = {D887C372-3C9A-4F23-9CE8-5F3184210F43}
		{C414C162-8A7F-43FD-B442-71EE60BB8FE6} = {EB4C0071-AEE8-4466-BA2A-2509E99CD31D}
		{4C4368E2-60D4-4EDF-83B5-34B3EAD93912} = {F35761E9-6792-4337-9F4B-6C73A2FF7104}
		{288D82CA-F1F3-4208-B3EE-8610B591B8CF} = {C414C162-8A7F-43FD-B442-71EE60BB8FE6}
		{353231C0-1D6A-4EE1-B104-CAD1FC6E6A58} = {C414C162-8A7F-43FD-B442-71EE60BB8FE6}
		{68D05C45-15E1-44A7-8320-D09DF316E64B} = {C414C162-8A7F-43FD-B442-71EE60BB8FE6}
		{B68E0BC3-1481-48B0-ACAA-5675F88005C9} = {C414C162-8A7F-43FD-B442-71EE60BB8FE6}
		{59719A56-50DF-401C-BA90-7ED0C0AA1F4B} = {D887C372-3C9A-4F23-9CE8-5F3184210F43}
		{CF1CA7C8-7597-43AC-8AA4-044AE38D0CBE} = {59719A56-50DF-401C-BA90-7ED0C0AA1F4B}
		{A6A9CDCF-B93C-415F-8301-A5030646A1EF} = {CF1CA7C8-7597-43AC-8AA4-044AE38D0CBE}
		{2D6C72B5-2384-4F99-B2E6-2315B5F6230B} = {CF1CA7C8-7597-43AC-8AA4-044AE38D0CBE}
		{5A41DD0B-1795-4BFF-A3FC-71FBF8FEC67C} = {CF1CA7C8-7597-43AC-8AA4-044AE38D0CBE}
		{BAC31B32-33A9-4ED4-B489-07F2260968D4} = {CF1CA7C8-7597-43AC-8AA4-044AE38D0CBE}
		{4B2149BC-CE56-4816-92E2-C8840FC7F9E9} = {CF1CA7C8-7597-43AC-8AA4-044AE38D0CBE}
		{E5C2DFB6-D574-40AD-B7CF-2050E8B3F81C} = {D887C372-3C9A-4F23-9CE8-5F3184210F43}
		{CF78C7EF-9CCF-4552-AE9A-F10B89DE3119} = {E5C2DFB6-D574-40AD-B7CF-2050E8B3F81C}
		{C770ED8F-6F5E-4DED-92C6-D5FE544DE764} = {CF78C7EF-9CCF-4552-AE9A-F10B89DE3119}
		{32C11A76-3877-4429-8ACB-9BD3DD870043} = {CF78C7EF-9CCF-4552-AE9A-F10B89DE3119}
		{2974572D-37C0-4410-BB30-55C93140B511} = {D887C372-3C9A-4F23-9CE8-5F3184210F43}
		{C4168D99-ECF3-4581-834E-A6CEEF4A7BA6} = {2974572D-37C0-4410-BB30-55C93140B511}
		{DC139299-BFB4-40E6-A55E-D151696A2075} = {C4168D99-ECF3-4581-834E-A6CEEF4A7BA6}
		{A824C664-E375-422B-ADAB-3AFAA2CE99D6} = {C4168D99-ECF3-4581-834E-A6CEEF4A7BA6}
		{D784C416-6AAE-439A-80EB-DD968CB96320} = {D887C372-3C9A-4F23-9CE8-5F3184210F43}
		{3F4FC01E-6462-4AC9-9076-DFCB08DB5672} = {D784C416-6AAE-439A-80EB-DD968CB96320}
		{7D6B5E1A-BEBE-4CB8-B493-C332E952ED75} = {3F4FC01E-6462-4AC9-9076-DFCB08DB5672}
		{A7F9873F-079D-4C7D-BFCE-902BA3C3B42B} = {3F4FC01E-6462-4AC9-9076-DFCB08DB5672}
		{FE9B3FB5-0E3F-4E3E-8176-0DE770BD60B5} = {3F4FC01E-6462-4AC9-9076-DFCB08DB5672}
		{890C6B08-4C80-448D-AE10-47FA8D5148E6} = {FE9B3FB5-0E3F-4E3E-8176-0DE770BD60B5}
		{2A6D08C5-E260-4025-A173-DB8C83204C2E} = {FE9B3FB5-0E3F-4E3E-8176-0DE770BD60B5}
		{5AD6FF34-9567-477C-B8EC-563E078BB899} = {FE9B3FB5-0E3F-4E3E-8176-0DE770BD60B5}
		{85C21E2B-163A-4E7E-A98D-215836DCB384} = {D887C372-3C9A-4F23-9CE8-5F3184210F43}
		{5EF7BC2A-CFFF-4DC6-8053-F64A8652F90C} = {85C21E2B-163A-4E7E-A98D-215836DCB384}
		{C480149F-F11F-47FA-BACB-1347215E099E} = {85C21E2B-163A-4E7E-A98D-215836DCB384}
		{75A143A5-4517-438F-9DE3-16D5E94B1C79} = {5EF7BC2A-CFFF-4DC6-8053-F64A8652F90C}
		{0DE9165E-56E2-4392-8E92-3C6422C4B7D5} = {85C21E2B-163A-4E7E-A98D-215836DCB384}
		{8EA4B80C-E053-4DDD-9BE1-630EF124A1F5} = {D51E84A6-83E8-45AE-A1FF-A44F18FBC3D9}
		{D887C372-3C9A-4F23-9CE8-5F3184210F43} = {D51E84A6-83E8-45AE-A1FF-A44F18FBC3D9}
		{CD6E12DE-FD10-428E-B199-2B4E42794B11} = {5EF7BC2A-CFFF-4DC6-8053-F64A8652F90C}
		{1CC4D074-5922-497E-A7E2-F6BDDF43F532} = {C480149F-F11F-47FA-BACB-1347215E099E}
		{4B3B9B1F-DA3F-40E3-93DD-C9363C1B8040} = {C480149F-F11F-47FA-BACB-1347215E099E}
		{310A25FC-50F9-4304-A2F1-C74BAB880C34} = {C480149F-F11F-47FA-BACB-1347215E099E}
		{18B9DC30-3A59-410F-ACEE-7FE71E6CF6AF} = {D887C372-3C9A-4F23-9CE8-5F3184210F43}
		{C9AEA2BF-A3C3-4DF9-8A18-203F4CC53F49} = {18B9DC30-3A59-410F-ACEE-7FE71E6CF6AF}
		{439463C1-E8C3-4EB9-A7E4-01982B2C92A9} = {C9AEA2BF-A3C3-4DF9-8A18-203F4CC53F49}
		{3C4E97B8-FE9E-4EFC-8F0B-80971A2F6B43} = {D887C372-3C9A-4F23-9CE8-5F3184210F43}
		{5B241AB6-18D6-4E68-B834-D3A188AEECF5} = {3C4E97B8-FE9E-4EFC-8F0B-80971A2F6B43}
		{25CE8290-EF24-4818-B009-68DC903163D3} = {5B241AB6-18D6-4E68-B834-D3A188AEECF5}
		{F5BD84EC-CEDB-409F-9D32-4437A27D4F7E} = {5B241AB6-18D6-4E68-B834-D3A188AEECF5}
		{98F00DEF-0E26-4D47-ADF3-01783E684DFD} = {5B241AB6-18D6-4E68-B834-D3A188AEECF5}
		{E6956E3D-5BD4-4396-89AF-8D482F0FCA73} = {D887C372-3C9A-4F23-9CE8-5F3184210F43}
		{718B5163-1476-441C-AC2F-A333244E01EE} = {6FD383E4-EE22-4C37-89B2-8E4E2AD53360}
		{57C9EDFA-0C92-406A-AA57-C2416EB9A3AC} = {718B5163-1476-441C-AC2F-A333244E01EE}
		{19908DAC-62A7-4AB5-9B51-25111C54B984} = {718B5163-1476-441C-AC2F-A333244E01EE}
		{EC2090BD-DC93-415E-A646-F801A4C53AE1} = {D887C372-3C9A-4F23-9CE8-5F3184210F43}
		{F6E9DB71-B471-4C94-A247-1E34DC63A464} = {718B5163-1476-441C-AC2F-A333244E01EE}
		{C12D0AE0-F135-4523-BD53-FA485C89F087} = {718B5163-1476-441C-AC2F-A333244E01EE}
		{BCA4DB36-B35A-4841-8885-8146E2804907} = {EC2090BD-DC93-415E-A646-F801A4C53AE1}
		{E7B6CC71-8D67-4193-A7B0-03BF9BCDB4F5} = {EC2090BD-DC93-415E-A646-F801A4C53AE1}
		{1A85C3D5-FD0D-4CE7-AF9D-7061A59AABDC} = {BCA4DB36-B35A-4841-8885-8146E2804907}
		{4FD15B03-0EB7-4628-B664-AA4D9D59CD20} = {BCA4DB36-B35A-4841-8885-8146E2804907}
		{ECA4E0B5-2304-4B33-A06C-D170CEE25436} = {6FD383E4-EE22-4C37-89B2-8E4E2AD53360}
		{D6C1A125-1AF5-44C4-BEB1-E9F49BB81460} = {E7B6CC71-8D67-4193-A7B0-03BF9BCDB4F5}
		{6FD383E4-EE22-4C37-89B2-8E4E2AD53360} = {E6956E3D-5BD4-4396-89AF-8D482F0FCA73}
		{FD68FC99-BCAA-4FD1-9704-F5858695A57B} = {ECA4E0B5-2304-4B33-A06C-D170CEE25436}
		{F79A630E-2CA6-4D30-9FE2-51BBC6D69D7F} = {ECA4E0B5-2304-4B33-A06C-D170CEE25436}
		{C8DDA4EC-D8E2-4EB5-BCB8-D9659C240C06} = {ECA4E0B5-2304-4B33-A06C-D170CEE25436}
		{0AA8F5F2-CC32-47D1-8AD7-FA4AB0F8717A} = {C9AEA2BF-A3C3-4DF9-8A18-203F4CC53F49}
		{6F574596-DD6E-4006-AE78-5D6A2AEA6559} = {C9AEA2BF-A3C3-4DF9-8A18-203F4CC53F49}
	EndGlobalSection
EndGlobal
